
Microsoft Visual Studio Solution File, Format Version 12.00
# Visual Studio Version 17
VisualStudioVersion = 17.0.31903.59
MinimumVisualStudioVersion = 10.0.40219.1
Project("{2150E333-8FDC-42A3-9474-1A3956D46DE8}") = "Solution Items", "Solution Items", "{D80CB06D-FF2E-44B2-9E45-3CE67A804FE5}"
	ProjectSection(SolutionItems) = preProject
		Solution Items\appsettings.Development.json = Solution Items\appsettings.Development.json
		Solution Items\appsettings.props = Solution Items\appsettings.props
	EndProjectSection
EndProject
Project("{2150E333-8FDC-42A3-9474-1A3956D46DE8}") = "quickstarts", "quickstarts", "{763CCA52-FC86-412F-8BCF-CE89115D6CE3}"
EndProject
Project("{9A19103F-16F7-4668-BE54-9A1E7A4F7556}") = "KernelSyntaxExamples", "quickstarts\KernelSyntaxExamples\KernelSyntaxExamples.csproj", "{D2A1AAE2-D94A-4D87-A557-5C0429747E09}"
EndProject
Project("{9A19103F-16F7-4668-BE54-9A1E7A4F7556}") = "CreateChatGptPlugin", "quickstarts\CreateChatGptPlugin\CreateChatGptPlugin.csproj", "{27064CD8-1C4D-459E-B876-E1E7E0C1A923}"
EndProject
Project("{9A19103F-16F7-4668-BE54-9A1E7A4F7556}") = "WebPlugins", "quickstarts\WebPlugins\WebPlugins.csproj", "{31916DD6-1446-4FC6-8003-CE00629332A2}"
EndProject
Project("{9A19103F-16F7-4668-BE54-9A1E7A4F7556}") = "DocumentationExamples", "quickstarts\DocumentationExamples\DocumentationExamples.csproj", "{B1E988EC-6066-489C-B1FA-ED05BDA64CA3}"
EndProject
Project("{2150E333-8FDC-42A3-9474-1A3956D46DE8}") = "ai-plugin-generator", "ai-plugin-generator", "{93748E51-E369-4C9D-B35A-BA12302625E9}"
EndProject
Project("{9A19103F-16F7-4668-BE54-9A1E7A4F7556}") = "HelloAgent", "quickstarts\HelloAgent\HelloAgent.csproj", "{07F54BC7-59D5-426A-8258-4423A4E5FADE}"
EndProject
Project("{9A19103F-16F7-4668-BE54-9A1E7A4F7556}") = "AiPlugin", "ai-plugin-generator\AiPlugin\AiPlugin.csproj", "{13114163-5250-4D2F-BB6B-EF783ABF9511}"
EndProject
Project("{9A19103F-16F7-4668-BE54-9A1E7A4F7556}") = "AiPluginSourceGenerator", "ai-plugin-generator\AiPluginSourceGenerator\AiPluginSourceGenerator.csproj", "{0E31310D-E42F-4A2D-9D0C-CF070F0D5897}"
EndProject
Global
	GlobalSection(SolutionConfigurationPlatforms) = preSolution
		Debug|Any CPU = Debug|Any CPU
		Release|Any CPU = Release|Any CPU
	EndGlobalSection
	GlobalSection(ProjectConfigurationPlatforms) = postSolution
		{D2A1AAE2-D94A-4D87-A557-5C0429747E09}.Debug|Any CPU.ActiveCfg = Debug|Any CPU
		{D2A1AAE2-D94A-4D87-A557-5C0429747E09}.Debug|Any CPU.Build.0 = Debug|Any CPU
		{D2A1AAE2-D94A-4D87-A557-5C0429747E09}.Release|Any CPU.ActiveCfg = Release|Any CPU
		{D2A1AAE2-D94A-4D87-A557-5C0429747E09}.Release|Any CPU.Build.0 = Release|Any CPU
		{27064CD8-1C4D-459E-B876-E1E7E0C1A923}.Debug|Any CPU.ActiveCfg = Debug|Any CPU
		{27064CD8-1C4D-459E-B876-E1E7E0C1A923}.Debug|Any CPU.Build.0 = Debug|Any CPU
		{27064CD8-1C4D-459E-B876-E1E7E0C1A923}.Release|Any CPU.ActiveCfg = Release|Any CPU
		{27064CD8-1C4D-459E-B876-E1E7E0C1A923}.Release|Any CPU.Build.0 = Release|Any CPU
		{31916DD6-1446-4FC6-8003-CE00629332A2}.Debug|Any CPU.ActiveCfg = Debug|Any CPU
		{31916DD6-1446-4FC6-8003-CE00629332A2}.Debug|Any CPU.Build.0 = Debug|Any CPU
		{31916DD6-1446-4FC6-8003-CE00629332A2}.Release|Any CPU.ActiveCfg = Release|Any CPU
		{31916DD6-1446-4FC6-8003-CE00629332A2}.Release|Any CPU.Build.0 = Release|Any CPU
		{B1E988EC-6066-489C-B1FA-ED05BDA64CA3}.Debug|Any CPU.ActiveCfg = Debug|Any CPU
		{B1E988EC-6066-489C-B1FA-ED05BDA64CA3}.Debug|Any CPU.Build.0 = Debug|Any CPU
		{B1E988EC-6066-489C-B1FA-ED05BDA64CA3}.Release|Any CPU.ActiveCfg = Release|Any CPU
		{B1E988EC-6066-489C-B1FA-ED05BDA64CA3}.Release|Any CPU.Build.0 = Release|Any CPU
		{07F54BC7-59D5-426A-8258-4423A4E5FADE}.Debug|Any CPU.ActiveCfg = Debug|Any CPU
		{07F54BC7-59D5-426A-8258-4423A4E5FADE}.Debug|Any CPU.Build.0 = Debug|Any CPU
		{07F54BC7-59D5-426A-8258-4423A4E5FADE}.Release|Any CPU.ActiveCfg = Release|Any CPU
		{07F54BC7-59D5-426A-8258-4423A4E5FADE}.Release|Any CPU.Build.0 = Release|Any CPU
		{13114163-5250-4D2F-BB6B-EF783ABF9511}.Debug|Any CPU.ActiveCfg = Debug|Any CPU
		{13114163-5250-4D2F-BB6B-EF783ABF9511}.Debug|Any CPU.Build.0 = Debug|Any CPU
		{13114163-5250-4D2F-BB6B-EF783ABF9511}.Release|Any CPU.ActiveCfg = Release|Any CPU
		{13114163-5250-4D2F-BB6B-EF783ABF9511}.Release|Any CPU.Build.0 = Release|Any CPU
		{0E31310D-E42F-4A2D-9D0C-CF070F0D5897}.Debug|Any CPU.ActiveCfg = Debug|Any CPU
		{0E31310D-E42F-4A2D-9D0C-CF070F0D5897}.Debug|Any CPU.Build.0 = Debug|Any CPU
		{0E31310D-E42F-4A2D-9D0C-CF070F0D5897}.Release|Any CPU.ActiveCfg = Release|Any CPU
		{0E31310D-E42F-4A2D-9D0C-CF070F0D5897}.Release|Any CPU.Build.0 = Release|Any CPU
	EndGlobalSection
	GlobalSection(SolutionProperties) = preSolution
		HideSolutionNode = FALSE
	EndGlobalSection
	GlobalSection(NestedProjects) = preSolution
		{D2A1AAE2-D94A-4D87-A557-5C0429747E09} = {763CCA52-FC86-412F-8BCF-CE89115D6CE3}
		{27064CD8-1C4D-459E-B876-E1E7E0C1A923} = {763CCA52-FC86-412F-8BCF-CE89115D6CE3}
		{31916DD6-1446-4FC6-8003-CE00629332A2} = {763CCA52-FC86-412F-8BCF-CE89115D6CE3}
		{B1E988EC-6066-489C-B1FA-ED05BDA64CA3} = {763CCA52-FC86-412F-8BCF-CE89115D6CE3}
		{07F54BC7-59D5-426A-8258-4423A4E5FADE} = {763CCA52-FC86-412F-8BCF-CE89115D6CE3}
		{13114163-5250-4D2F-BB6B-EF783ABF9511} = {93748E51-E369-4C9D-B35A-BA12302625E9}
		{0E31310D-E42F-4A2D-9D0C-CF070F0D5897} = {93748E51-E369-4C9D-B35A-BA12302625E9}
	EndGlobalSection
	GlobalSection(ExtensibilityGlobals) = postSolution
		SolutionGuid = {6FBE33D1-316E-435B-9770-90C3C2DC2E1C}
	EndGlobalSection
EndGlobal
